# This file is autogenerated, do not edit; changes may be undone by the next 'dep ensure'.


[[projects]]
  name = "gopkg.in/ini.v1"
  packages = ["."]
  revision = "5e9692864e22d02ac79e2fa499cffb00520b4fea"
  version = "v1.34.0"

[solve-meta]
  analyzer-name = "dep"
  analyzer-version = 1
  inputs-digest = "26145d63433574959b2708a12a8a889774e1d170b368aefc91c38d4ad1491eef"
  solver-name = "gps-cdcl"
  solver-version = 1
